
Microsoft Visual Studio Solution File, Format Version 12.00
# Visual Studio 15
VisualStudioVersion = 15.0.28307.421
MinimumVisualStudioVersion = 10.0.40219.1
Project("{FAE04EC0-301F-11D3-BF4B-00C04F79EFBC}") = "JiraTimeBot", "JiraTimeBot\JiraTimeBot.csproj", "{F3B89316-C38C-4CE6-9D88-0B1373CFBA1A}"
EndProject
Project("{FAE04EC0-301F-11D3-BF4B-00C04F79EFBC}") = "JiraTimeBot.Ui", "JiraTimeBot.Ui\JiraTimeBot.Ui.csproj", "{C3B7A833-B919-4299-A318-74B96544437E}"
EndProject
Global
	GlobalSection(SolutionConfigurationPlatforms) = preSolution
		Debug|Any CPU = Debug|Any CPU
		Release|Any CPU = Release|Any CPU
	EndGlobalSection
	GlobalSection(ProjectConfigurationPlatforms) = postSolution
		{F3B89316-C38C-4CE6-9D88-0B1373CFBA1A}.Debug|Any CPU.ActiveCfg = Debug|Any CPU
		{F3B89316-C38C-4CE6-9D88-0B1373CFBA1A}.Debug|Any CPU.Build.0 = Debug|Any CPU
		{F3B89316-C38C-4CE6-9D88-0B1373CFBA1A}.Release|Any CPU.ActiveCfg = Release|Any CPU
		{F3B89316-C38C-4CE6-9D88-0B1373CFBA1A}.Release|Any CPU.Build.0 = Release|Any CPU
		{C3B7A833-B919-4299-A318-74B96544437E}.Debug|Any CPU.ActiveCfg = Debug|Any CPU
		{C3B7A833-B919-4299-A318-74B96544437E}.Debug|Any CPU.Build.0 = Debug|Any CPU
		{C3B7A833-B919-4299-A318-74B96544437E}.Release|Any CPU.ActiveCfg = Release|Any CPU
		{C3B7A833-B919-4299-A318-74B96544437E}.Release|Any CPU.Build.0 = Release|Any CPU
	EndGlobalSection
	GlobalSection(SolutionProperties) = preSolution
		HideSolutionNode = FALSE
	EndGlobalSection
	GlobalSection(ExtensibilityGlobals) = postSolution
		SolutionGuid = {2132DC12-967F-4EA3-9E39-5500488F1288}
	EndGlobalSection
EndGlobal
